
Microsoft Visual Studio Solution File, Format Version 12.00
# Visual Studio Version 17
VisualStudioVersion = 17.4.33213.308
MinimumVisualStudioVersion = 10.0.40219.1
Project("{888888A0-9F3D-457C-B088-3A5042F75D52}") = "PythonBase_lesson8", "PythonBase_lesson8\PythonBase_lesson8.pyproj", "{12EC3342-AA84-417E-B914-A28D1EDAF55E}"
EndProject
Global
	GlobalSection(SolutionConfigurationPlatforms) = preSolution
		Debug|Any CPU = Debug|Any CPU
		Release|Any CPU = Release|Any CPU
	EndGlobalSection
	GlobalSection(ProjectConfigurationPlatforms) = postSolution
		{12EC3342-AA84-417E-B914-A28D1EDAF55E}.Debug|Any CPU.ActiveCfg = Debug|Any CPU
		{12EC3342-AA84-417E-B914-A28D1EDAF55E}.Release|Any CPU.ActiveCfg = Release|Any CPU
	EndGlobalSection
	GlobalSection(SolutionProperties) = preSolution
		HideSolutionNode = FALSE
	EndGlobalSection
	GlobalSection(ExtensibilityGlobals) = postSolution
		SolutionGuid = {0694DF71-557B-46D0-B540-1C06428A38E1}
	EndGlobalSection
EndGlobal
